
Microsoft Visual Studio Solution File, Format Version 12.00
# Visual Studio Version 17
VisualStudioVersion = 17.14.37111.16 d17.14
MinimumVisualStudioVersion = 10.0.40219.1
Project("{FAE04EC0-301F-11D3-BF4B-00C04F79EFBC}") = "AURA", "AURA\AURA.csproj", "{73F2D443-3418-438F-8A59-AF209954F92D}"
EndProject
Global
	GlobalSection(SolutionConfigurationPlatforms) = preSolution
		Debug|Any CPU = Debug|Any CPU
		Release|Any CPU = Release|Any CPU
	EndGlobalSection
	GlobalSection(ProjectConfigurationPlatforms) = postSolution
		{73F2D443-3418-438F-8A59-AF209954F92D}.Debug|Any CPU.ActiveCfg = Debug|Any CPU
		{73F2D443-3418-438F-8A59-AF209954F92D}.Debug|Any CPU.Build.0 = Debug|Any CPU
		{73F2D443-3418-438F-8A59-AF209954F92D}.Release|Any CPU.ActiveCfg = Release|Any CPU
		{73F2D443-3418-438F-8A59-AF209954F92D}.Release|Any CPU.Build.0 = Release|Any CPU
	EndGlobalSection
	GlobalSection(SolutionProperties) = preSolution
		HideSolutionNode = FALSE
	EndGlobalSection
	GlobalSection(ExtensibilityGlobals) = postSolution
		SolutionGuid = {74BB93DB-21CA-4EA3-9A02-5112FA5E06CE}
	EndGlobalSection
EndGlobal
